
Microsoft Visual Studio Solution File, Format Version 12.00
# Visual Studio Version 16
VisualStudioVersion = 16.0.30907.101
MinimumVisualStudioVersion = 10.0.40219.1
Project("{FAE04EC0-301F-11D3-BF4B-00C04F79EFBC}") = "GZipTest", "GZipTest\GZipTest.csproj", "{04894BE0-2BF0-4111-A1AF-87FD1B92C6FC}"
EndProject
Global
	GlobalSection(SolutionConfigurationPlatforms) = preSolution
		Debug|Any CPU = Debug|Any CPU
		Release|Any CPU = Release|Any CPU
	EndGlobalSection
	GlobalSection(ProjectConfigurationPlatforms) = postSolution
		{04894BE0-2BF0-4111-A1AF-87FD1B92C6FC}.Debug|Any CPU.ActiveCfg = Debug|Any CPU
		{04894BE0-2BF0-4111-A1AF-87FD1B92C6FC}.Debug|Any CPU.Build.0 = Debug|Any CPU
		{04894BE0-2BF0-4111-A1AF-87FD1B92C6FC}.Release|Any CPU.ActiveCfg = Release|Any CPU
		{04894BE0-2BF0-4111-A1AF-87FD1B92C6FC}.Release|Any CPU.Build.0 = Release|Any CPU
	EndGlobalSection
	GlobalSection(SolutionProperties) = preSolution
		HideSolutionNode = FALSE
	EndGlobalSection
	GlobalSection(ExtensibilityGlobals) = postSolution
		SolutionGuid = {E1EC91E0-E751-45FA-ACE5-344D70CD9DEA}
	EndGlobalSection
EndGlobal
